// !$*UTF8*$!
{
	archiveVersion = 1;
	classes = {
	};
	objectVersion = 46;
	objects = {

/* Begin PBXBuildFile section */
		EC788A80193782E4000ABB84 /* Foundation.framework in Frameworks */ = {isa = PBXBuildFile; fileRef = EC788A7F193782E4000ABB84 /* Foundation.framework */; };
		EC788A82193782E4000ABB84 /* CoreGraphics.framework in Frameworks */ = {isa = PBXBuildFile; fileRef = EC788A81193782E4000ABB84 /* CoreGraphics.framework */; };
		EC788A84193782E4000ABB84 /* UIKit.framework in Frameworks */ = {isa = PBXBuildFile; fileRef = EC788A83193782E4000ABB84 /* UIKit.framework */; };
		EC788A8A193782E4000ABB84 /* InfoPlist.strings in Resources */ = {isa = PBXBuildFile; fileRef = EC788A88193782E4000ABB84 /* InfoPlist.strings */; };
		EC788A8C193782E4000ABB84 /* main.m in Sources */ = {isa = PBXBuildFile; fileRef = EC788A8B193782E4000ABB84 /* main.m */; };
		EC788A90193782E4000ABB84 /* UnSAppDelegate.m in Sources */ = {isa = PBXBuildFile; fileRef = EC788A8F193782E4000ABB84 /* UnSAppDelegate.m */; };
		EC788A93193782E4000ABB84 /* Main.storyboard in Resources */ = {isa = PBXBuildFile; fileRef = EC788A91193782E4000ABB84 /* Main.storyboard */; };
		EC788A98193782E4000ABB84 /* Images.xcassets in Resources */ = {isa = PBXBuildFile; fileRef = EC788A97193782E4000ABB84 /* Images.xcassets */; };
		EC788A9F193782E4000ABB84 /* XCTest.framework in Frameworks */ = {isa = PBXBuildFile; fileRef = EC788A9E193782E4000ABB84 /* XCTest.framework */; };
		EC788AA0193782E4000ABB84 /* Foundation.framework in Frameworks */ = {isa = PBXBuildFile; fileRef = EC788A7F193782E4000ABB84 /* Foundation.framework */; };
		EC788AA1193782E4000ABB84 /* UIKit.framework in Frameworks */ = {isa = PBXBuildFile; fileRef = EC788A83193782E4000ABB84 /* UIKit.framework */; };
		EC788AA9193782E4000ABB84 /* InfoPlist.strings in Resources */ = {isa = PBXBuildFile; fileRef = EC788AA7193782E4000ABB84 /* InfoPlist.strings */; };
		EC788AAB193782E4000ABB84 /* TableView_ChallengeTests.m in Sources */ = {isa = PBXBuildFile; fileRef = EC788AAA193782E4000ABB84 /* TableView_ChallengeTests.m */; };
		EC788AB619378442000ABB84 /* UnSTableViewController.m in Sources */ = {isa = PBXBuildFile; fileRef = EC788AB519378442000ABB84 /* UnSTableViewController.m */; };
/* End PBXBuildFile section */

/* Begin PBXContainerItemProxy section */
		EC788AA2193782E4000ABB84 /* PBXContainerItemProxy */ = {
			isa = PBXContainerItemProxy;
			containerPortal = EC788A74193782E4000ABB84 /* Project object */;
			proxyType = 1;
			remoteGlobalIDString = EC788A7B193782E4000ABB84;
			remoteInfo = "TableView Challenge";
		};
/* End PBXContainerItemProxy section */

/* Begin PBXFileReference section */
		EC788A7C193782E4000ABB84 /* TableView Challenge.app */ = {isa = PBXFileReference; explicitFileType = wrapper.application; includeInIndex = 0; path = "TableView Challenge.app"; sourceTree = BUILT_PRODUCTS_DIR; };
		EC788A7F193782E4000ABB84 /* Foundation.framework */ = {isa = PBXFileReference; lastKnownFileType = wrapper.framework; name = Foundation.framework; path = System/Library/Frameworks/Foundation.framework; sourceTree = SDKROOT; };
		EC788A81193782E4000ABB84 /* CoreGraphics.framework */ = {isa = PBXFileReference; lastKnownFileType = wrapper.framework; name = CoreGraphics.framework; path = System/Library/Frameworks/CoreGraphics.framework; sourceTree = SDKROOT; };
		EC788A83193782E4000ABB84 /* UIKit.framework */ = {isa = PBXFileReference; lastKnownFileType = wrapper.framework; name = UIKit.framework; path = System/Library/Frameworks/UIKit.framework; sourceTree = SDKROOT; };
		EC788A87193782E4000ABB84 /* TableView Challenge-Info.plist */ = {isa = PBXFileReference; lastKnownFileType = text.plist.xml; path = "TableView Challenge-Info.plist"; sourceTree = "<group>"; };
		EC788A89193782E4000ABB84 /* en */ = {isa = PBXFileReference; lastKnownFileType = text.plist.strings; name = en; path = en.lproj/InfoPlist.strings; sourceTree = "<group>"; };
		EC788A8B193782E4000ABB84 /* main.m */ = {isa = PBXFileReference; lastKnownFileType = sourcecode.c.objc; path = main.m; sourceTree = "<group>"; };
		EC788A8D193782E4000ABB84 /* TableView Challenge-Prefix.pch */ = {isa = PBXFileReference; lastKnownFileType = sourcecode.c.h; path = "TableView Challenge-Prefix.pch"; sourceTree = "<group>"; };
		EC788A8E193782E4000ABB84 /* UnSAppDelegate.h */ = {isa = PBXFileReference; lastKnownFileType = sourcecode.c.h; path = UnSAppDelegate.h; sourceTree = "<group>"; };
		EC788A8F193782E4000ABB84 /* UnSAppDelegate.m */ = {isa = PBXFileReference; lastKnownFileType = sourcecode.c.objc; path = UnSAppDelegate.m; sourceTree = "<group>"; };
		EC788A92193782E4000ABB84 /* Base */ = {isa = PBXFileReference; lastKnownFileType = file.storyboard; name = Base; path = Base.lproj/Main.storyboard; sourceTree = "<group>"; };
		EC788A97193782E4000ABB84 /* Images.xcassets */ = {isa = PBXFileReference; lastKnownFileType = folder.assetcatalog; path = Images.xcassets; sourceTree = "<group>"; };
		EC788A9D193782E4000ABB84 /* TableView ChallengeTests.xctest */ = {isa = PBXFileReference; explicitFileType = wrapper.cfbundle; includeInIndex = 0; path = "TableView ChallengeTests.xctest"; sourceTree = BUILT_PRODUCTS_DIR; };
		EC788A9E193782E4000ABB84 /* XCTest.framework */ = {isa = PBXFileReference; lastKnownFileType = wrapper.framework; name = XCTest.framework; path = Library/Frameworks/XCTest.framework; sourceTree = DEVELOPER_DIR; };
		EC788AA6193782E4000ABB84 /* TableView ChallengeTests-Info.plist */ = {isa = PBXFileReference; lastKnownFileType = text.plist.xml; path = "TableView ChallengeTests-Info.plist"; sourceTree = "<group>"; };
		EC788AA8193782E4000ABB84 /* en */ = {isa = PBXFileReference; lastKnownFileType = text.plist.strings; name = en; path = en.lproj/InfoPlist.strings; sourceTree = "<group>"; };
		EC788AAA193782E4000ABB84 /* TableView_ChallengeTests.m */ = {isa = PBXFileReference; lastKnownFileType = sourcecode.c.objc; path = TableView_ChallengeTests.m; sourceTree = "<group>"; };
		EC788AB419378442000ABB84 /* UnSTableViewController.h */ = {isa = PBXFileReference; fileEncoding = 4; lastKnownFileType = sourcecode.c.h; name = UnSTableViewController.h; path = ../UnSTableViewController.h; sourceTree = "<group>"; };
		EC788AB519378442000ABB84 /* UnSTableViewController.m */ = {isa = PBXFileReference; fileEncoding = 4; lastKnownFileType = sourcecode.c.objc; name = UnSTableViewController.m; path = ../UnSTableViewController.m; sourceTree = "<group>"; };
/* End PBXFileReference section */

/* Begin PBXFrameworksBuildPhase section */
		EC788A79193782E4000ABB84 /* Frameworks */ = {
			isa = PBXFrameworksBuildPhase;
			buildActionMask = 2147483647;
			files = (
				EC788A82193782E4000ABB84 /* CoreGraphics.framework in Frameworks */,
				EC788A84193782E4000ABB84 /* UIKit.framework in Frameworks */,
				EC788A80193782E4000ABB84 /* Foundation.framework in Frameworks */,
			);
			runOnlyForDeploymentPostprocessing = 0;
		};
		EC788A9A193782E4000ABB84 /* Frameworks */ = {
			isa = PBXFrameworksBuildPhase;
			buildActionMask = 2147483647;
			files = (
				EC788A9F193782E4000ABB84 /* XCTest.framework in Frameworks */,
				EC788AA1193782E4000ABB84 /* UIKit.framework in Frameworks */,
				EC788AA0193782E4000ABB84 /* Foundation.framework in Frameworks */,
			);
			runOnlyForDeploymentPostprocessing = 0;
		};
/* End PBXFrameworksBuildPhase section */

/* Begin PBXGroup section */
		EC788A73193782E4000ABB84 = {
			isa = PBXGroup;
			children = (
				EC788A85193782E4000ABB84 /* TableView Challenge */,
				EC788AA4193782E4000ABB84 /* TableView ChallengeTests */,
				EC788A7E193782E4000ABB84 /* Frameworks */,
				EC788A7D193782E4000ABB84 /* Products */,
			);
			sourceTree = "<group>";
		};
		EC788A7D193782E4000ABB84 /* Products */ = {
			isa = PBXGroup;
			children = (
				EC788A7C193782E4000ABB84 /* TableView Challenge.app */,
				EC788A9D193782E4000ABB84 /* TableView ChallengeTests.xctest */,
			);
			name = Products;
			sourceTree = "<group>";
		};
		EC788A7E193782E4000ABB84 /* Frameworks */ = {
			isa = PBXGroup;
			children = (
				EC788A7F193782E4000ABB84 /* Foundation.framework */,
				EC788A81193782E4000ABB84 /* CoreGraphics.framework */,
				EC788A83193782E4000ABB84 /* UIKit.framework */,
				EC788A9E193782E4000ABB84 /* XCTest.framework */,
			);
			name = Frameworks;
			sourceTree = "<group>";
		};
		EC788A85193782E4000ABB84 /* TableView Challenge */ = {
			isa = PBXGroup;
			children = (
				EC788AB419378442000ABB84 /* UnSTableViewController.h */,
				EC788AB519378442000ABB84 /* UnSTableViewController.m */,
				EC788A8E193782E4000ABB84 /* UnSAppDelegate.h */,
				EC788A8F193782E4000ABB84 /* UnSAppDelegate.m */,
				EC788A91193782E4000ABB84 /* Main.storyboard */,
				EC788A97193782E4000ABB84 /* Images.xcassets */,
				EC788A86193782E4000ABB84 /* Supporting Files */,
			);
			path = "TableView Challenge";
			sourceTree = "<group>";
		};
		EC788A86193782E4000ABB84 /* Supporting Files */ = {
			isa = PBXGroup;
			children = (
				EC788A87193782E4000ABB84 /* TableView Challenge-Info.plist */,
				EC788A88193782E4000ABB84 /* InfoPlist.strings */,
				EC788A8B193782E4000ABB84 /* main.m */,
				EC788A8D193782E4000ABB84 /* TableView Challenge-Prefix.pch */,
			);
			name = "Supporting Files";
			sourceTree = "<group>";
		};
		EC788AA4193782E4000ABB84 /* TableView ChallengeTests */ = {
			isa = PBXGroup;
			children = (
				EC788AAA193782E4000ABB84 /* TableView_ChallengeTests.m */,
				EC788AA5193782E4000ABB84 /* Supporting Files */,
			);
			path = "TableView ChallengeTests";
			sourceTree = "<group>";
		};
		EC788AA5193782E4000ABB84 /* Supporting Files */ = {
			isa = PBXGroup;
			children = (
				EC788AA6193782E4000ABB84 /* TableView ChallengeTests-Info.plist */,
				EC788AA7193782E4000ABB84 /* InfoPlist.strings */,
			);
			name = "Supporting Files";
			sourceTree = "<group>";
		};
/* End PBXGroup section */

/* Begin PBXNativeTarget section */
		EC788A7B193782E4000ABB84 /* TableView Challenge */ = {
			isa = PBXNativeTarget;
			buildConfigurationList = EC788AAE193782E4000ABB84 /* Build configuration list for PBXNativeTarget "TableView Challenge" */;
			buildPhases = (
				EC788A78193782E4000ABB84 /* Sources */,
				EC788A79193782E4000ABB84 /* Frameworks */,
				EC788A7A193782E4000ABB84 /* Resources */,
			);
			buildRules = (
			);
			dependencies = (
			);
			name = "TableView Challenge";
			productName = "TableView Challenge";
			productReference = EC788A7C193782E4000ABB84 /* TableView Challenge.app */;
			productType = "com.apple.product-type.application";
		};
		EC788A9C193782E4000ABB84 /* TableView ChallengeTests */ = {
			isa = PBXNativeTarget;
			buildConfigurationList = EC788AB1193782E4000ABB84 /* Build configuration list for PBXNativeTarget "TableView ChallengeTests" */;
			buildPhases = (
				EC788A99193782E4000ABB84 /* Sources */,
				EC788A9A193782E4000ABB84 /* Frameworks */,
				EC788A9B193782E4000ABB84 /* Resources */,
			);
			buildRules = (
			);
			dependencies = (
				EC788AA3193782E4000ABB84 /* PBXTargetDependency */,
			);
			name = "TableView ChallengeTests";
			productName = "TableView ChallengeTests";
			productReference = EC788A9D193782E4000ABB84 /* TableView ChallengeTests.xctest */;
			productType = "com.apple.product-type.bundle.unit-test";
		};
/* End PBXNativeTarget section */

/* Begin PBXProject section */
		EC788A74193782E4000ABB84 /* Project object */ = {
			isa = PBXProject;
			attributes = {
				CLASSPREFIX = UnS;
				LastUpgradeCheck = 0510;
				ORGANIZATIONNAME = "Ismail El-Habbash";
				TargetAttributes = {
					EC788A9C193782E4000ABB84 = {
						TestTargetID = EC788A7B193782E4000ABB84;
					};
				};
			};
			buildConfigurationList = EC788A77193782E4000ABB84 /* Build configuration list for PBXProject "TableView Challenge" */;
			compatibilityVersion = "Xcode 3.2";
			developmentRegion = English;
			hasScannedForEncodings = 0;
			knownRegions = (
				en,
				Base,
			);
			mainGroup = EC788A73193782E4000ABB84;
			productRefGroup = EC788A7D193782E4000ABB84 /* Products */;
			projectDirPath = "";
			projectRoot = "";
			targets = (
				EC788A7B193782E4000ABB84 /* TableView Challenge */,
				EC788A9C193782E4000ABB84 /* TableView ChallengeTests */,
			);
		};
/* End PBXProject section */

/* Begin PBXResourcesBuildPhase section */
		EC788A7A193782E4000ABB84 /* Resources */ = {
			isa = PBXResourcesBuildPhase;
			buildActionMask = 2147483647;
			files = (
				EC788A98193782E4000ABB84 /* Images.xcassets in Resources */,
				EC788A8A193782E4000ABB84 /* InfoPlist.strings in Resources */,
				EC788A93193782E4000ABB84 /* Main.storyboard in Resources */,
			);
			runOnlyForDeploymentPostprocessing = 0;
		};
		EC788A9B193782E4000ABB84 /* Resources */ = {
			isa = PBXResourcesBuildPhase;
			buildActionMask = 2147483647;
			files = (
				EC788AA9193782E4000ABB84 /* InfoPlist.strings in Resources */,
			);
			runOnlyForDeploymentPostprocessing = 0;
		};
/* End PBXResourcesBuildPhase section */

/* Begin PBXSourcesBuildPhase section */
		EC788A78193782E4000ABB84 /* Sources */ = {
			isa = PBXSourcesBuildPhase;
			buildActionMask = 2147483647;
			files = (
				EC788AB619378442000ABB84 /* UnSTableViewController.m in Sources */,
				EC788A8C193782E4000ABB84 /* main.m in Sources */,
				EC788A90193782E4000ABB84 /* UnSAppDelegate.m in Sources */,
			);
			runOnlyForDeploymentPostprocessing = 0;
		};
		EC788A99193782E4000ABB84 /* Sources */ = {
			isa = PBXSourcesBuildPhase;
			buildActionMask = 2147483647;
			files = (
				EC788AAB193782E4000ABB84 /* TableView_ChallengeTests.m in Sources */,
			);
			runOnlyForDeploymentPostprocessing = 0;
		};
/* End PBXSourcesBuildPhase section */

/* Begin PBXTargetDependency section */
		EC788AA3193782E4000ABB84 /* PBXTargetDependency */ = {
			isa = PBXTargetDependency;
			target = EC788A7B193782E4000ABB84 /* TableView Challenge */;
			targetProxy = EC788AA2193782E4000ABB84 /* PBXContainerItemProxy */;
		};
/* End PBXTargetDependency section */

/* Begin PBXVariantGroup section */
		EC788A88193782E4000ABB84 /* InfoPlist.strings */ = {
			isa = PBXVariantGroup;
			children = (
				EC788A89193782E4000ABB84 /* en */,
			);
			name = InfoPlist.strings;
			sourceTree = "<group>";
		};
		EC788A91193782E4000ABB84 /* Main.storyboard */ = {
			isa = PBXVariantGroup;
			children = (
				EC788A92193782E4000ABB84 /* Base */,
			);
			name = Main.storyboard;
			sourceTree = "<group>";
		};
		EC788AA7193782E4000ABB84 /* InfoPlist.strings */ = {
			isa = PBXVariantGroup;
			children = (
				EC788AA8193782E4000ABB84 /* en */,
			);
			name = InfoPlist.strings;
			sourceTree = "<group>";
		};
/* End PBXVariantGroup section */

/* Begin XCBuildConfiguration section */
		EC788AAC193782E4000ABB84 /* Debug */ = {
			isa = XCBuildConfiguration;
			buildSettings = {
				ALWAYS_SEARCH_USER_PATHS = NO;
				CLANG_CXX_LANGUAGE_STANDARD = "gnu++0x";
				CLANG_CXX_LIBRARY = "libc++";
				CLANG_ENABLE_MODULES = YES;
				CLANG_ENABLE_OBJC_ARC = YES;
				CLANG_WARN_BOOL_CONVERSION = YES;
				CLANG_WARN_CONSTANT_CONVERSION = YES;
				CLANG_WARN_DIRECT_OBJC_ISA_USAGE = YES_ERROR;
				CLANG_WARN_EMPTY_BODY = YES;
				CLANG_WARN_ENUM_CONVERSION = YES;
				CLANG_WARN_INT_CONVERSION = YES;
				CLANG_WARN_OBJC_ROOT_CLASS = YES_ERROR;
				CLANG_WARN__DUPLICATE_METHOD_MATCH = YES;
				"CODE_SIGN_IDENTITY[sdk=iphoneos*]" = "iPhone Developer";
				COPY_PHASE_STRIP = NO;
				GCC_C_LANGUAGE_STANDARD = gnu99;
				GCC_DYNAMIC_NO_PIC = NO;
				GCC_OPTIMIZATION_LEVEL = 0;
				GCC_PREPROCESSOR_DEFINITIONS = (
					"DEBUG=1",
					"$(inherited)",
				);
				GCC_SYMBOLS_PRIVATE_EXTERN = NO;
				GCC_WARN_64_TO_32_BIT_CONVERSION = YES;
				GCC_WARN_ABOUT_RETURN_TYPE = YES_ERROR;
				GCC_WARN_UNDECLARED_SELECTOR = YES;
				GCC_WARN_UNINITIALIZED_AUTOS = YES_AGGRESSIVE;
				GCC_WARN_UNUSED_FUNCTION = YES;
				GCC_WARN_UNUSED_VARIABLE = YES;
				IPHONEOS_DEPLOYMENT_TARGET = 7.1;
				ONLY_ACTIVE_ARCH = YES;
				SDKROOT = iphoneos;
			};
			name = Debug;
		};
		EC788AAD193782E4000ABB84 /* Release */ = {
			isa = XCBuildConfiguration;
			buildSettings = {
				ALWAYS_SEARCH_USER_PATHS = NO;
				CLANG_CXX_LANGUAGE_STANDARD = "gnu++0x";
				CLANG_CXX_LIBRARY = "libc++";
				CLANG_ENABLE_MODULES = YES;
				CLANG_ENABLE_OBJC_ARC = YES;
				CLANG_WARN_BOOL_CONVERSION = YES;
				CLANG_WARN_CONSTANT_CONVERSION = YES;
				CLANG_WARN_DIRECT_OBJC_ISA_USAGE = YES_ERROR;
				CLANG_WARN_EMPTY_BODY = YES;
				CLANG_WARN_ENUM_CONVERSION = YES;
				CLANG_WARN_INT_CONVERSION = YES;
				CLANG_WARN_OBJC_ROOT_CLASS = YES_ERROR;
				CLANG_WARN__DUPLICATE_METHOD_MATCH = YES;
				"CODE_SIGN_IDENTITY[sdk=iphoneos*]" = "iPhone Developer";
				COPY_PHASE_STRIP = YES;
				ENABLE_NS_ASSERTIONS = NO;
				GCC_C_LANGUAGE_STANDARD = gnu99;
				GCC_WARN_64_TO_32_BIT_CONVERSION = YES;
				GCC_WARN_ABOUT_RETURN_TYPE = YES_ERROR;
				GCC_WARN_UNDECLARED_SELECTOR = YES;
				GCC_WARN_UNINITIALIZED_AUTOS = YES_AGGRESSIVE;
				GCC_WARN_UNUSED_FUNCTION = YES;
				GCC_WARN_UNUSED_VARIABLE = YES;
				IPHONEOS_DEPLOYMENT_TARGET = 7.1;
				SDKROOT = iphoneos;
				VALIDATE_PRODUCT = YES;
			};
			name = Release;
		};
		EC788AAF193782E4000ABB84 /* Debug */ = {
			isa = XCBuildConfiguration;
			buildSettings = {
				ASSETCATALOG_COMPILER_APPICON_NAME = AppIcon;
				ASSETCATALOG_COMPILER_LAUNCHIMAGE_NAME = LaunchImage;
				GCC_PRECOMPILE_PREFIX_HEADER = YES;
				GCC_PREFIX_HEADER = "TableView Challenge/TableView Challenge-Prefix.pch";
				INFOPLIST_FILE = "TableView Challenge/TableView Challenge-Info.plist";
				PRODUCT_NAME = "$(TARGET_NAME)";
				WRAPPER_EXTENSION = app;
			};
			name = Debug;
		};
		EC788AB0193782E4000ABB84 /* Release */ = {
			isa = XCBuildConfiguration;
			buildSettings = {
				ASSETCATALOG_COMPILER_APPICON_NAME = AppIcon;
				ASSETCATALOG_COMPILER_LAUNCHIMAGE_NAME = LaunchImage;
				GCC_PRECOMPILE_PREFIX_HEADER = YES;
				GCC_PREFIX_HEADER = "TableView Challenge/TableView Challenge-Prefix.pch";
				INFOPLIST_FILE = "TableView Challenge/TableView Challenge-Info.plist";
				PRODUCT_NAME = "$(TARGET_NAME)";
				WRAPPER_EXTENSION = app;
			};
			name = Release;
		};
		EC788AB2193782E4000ABB84 /* Debug */ = {
			isa = XCBuildConfiguration;
			buildSettings = {
				BUNDLE_LOADER = "$(BUILT_PRODUCTS_DIR)/TableView Challenge.app/TableView Challenge";
				FRAMEWORK_SEARCH_PATHS = (
					"$(SDKROOT)/Developer/Library/Frameworks",
					"$(inherited)",
					"$(DEVELOPER_FRAMEWORKS_DIR)",
				);
				GCC_PRECOMPILE_PREFIX_HEADER = YES;
				GCC_PREFIX_HEADER = "TableView Challenge/TableView Challenge-Prefix.pch";
				GCC_PREPROCESSOR_DEFINITIONS = (
					"DEBUG=1",
					"$(inherited)",
				);
				INFOPLIST_FILE = "TableView ChallengeTests/TableView ChallengeTests-Info.plist";
				PRODUCT_NAME = "$(TARGET_NAME)";
				TEST_HOST = "$(BUNDLE_LOADER)";
				WRAPPER_EXTENSION = xctest;
			};
			name = Debug;
		};
		EC788AB3193782E4000ABB84 /* Release */ = {
			isa = XCBuildConfiguration;
			buildSettings = {
				BUNDLE_LOADER = "$(BUILT_PRODUCTS_DIR)/TableView Challenge.app/TableView Challenge";
				FRAMEWORK_SEARCH_PATHS = (
					"$(SDKROOT)/Developer/Library/Frameworks",
					"$(inherited)",
					"$(DEVELOPER_FRAMEWORKS_DIR)",
				);
				GCC_PRECOMPILE_PREFIX_HEADER = YES;
				GCC_PREFIX_HEADER = "TableView Challenge/TableView Challenge-Prefix.pch";
				INFOPLIST_FILE = "TableView ChallengeTests/TableView ChallengeTests-Info.plist";
				PRODUCT_NAME = "$(TARGET_NAME)";
				TEST_HOST = "$(BUNDLE_LOADER)";
				WRAPPER_EXTENSION = xctest;
			};
			name = Release;
		};
/* End XCBuildConfiguration section */

/* Begin XCConfigurationList section */
		EC788A77193782E4000ABB84 /* Build configuration list for PBXProject "TableView Challenge" */ = {
			isa = XCConfigurationList;
			buildConfigurations = (
				EC788AAC193782E4000ABB84 /* Debug */,
				EC788AAD193782E4000ABB84 /* Release */,
			);
			defaultConfigurationIsVisible = 0;
			defaultConfigurationName = Release;
		};
		EC788AAE193782E4000ABB84 /* Build configuration list for PBXNativeTarget "TableView Challenge" */ = {
			isa = XCConfigurationList;
			buildConfigurations = (
				EC788AAF193782E4000ABB84 /* Debug */,
				EC788AB0193782E4000ABB84 /* Release */,
			);
			defaultConfigurationIsVisible = 0;
		};
		EC788AB1193782E4000ABB84 /* Build configuration list for PBXNativeTarget "TableView ChallengeTests" */ = {
			isa = XCConfigurationList;
			buildConfigurations = (
				EC788AB2193782E4000ABB84 /* Debug */,
				EC788AB3193782E4000ABB84 /* Release */,
			);
			defaultConfigurationIsVisible = 0;
		};
/* End XCConfigurationList section */
	};
	rootObject = EC788A74193782E4000ABB84 /* Project object */;
}
